
Microsoft Visual Studio Solution File, Format Version 12.00
# Visual Studio Version 16
VisualStudioVersion = 16.0.30907.101
MinimumVisualStudioVersion = 10.0.40219.1
Project("{FAE04EC0-301F-11D3-BF4B-00C04F79EFBC}") = "Coding-Challenges", "Coding-Challenges.csproj", "{04D06221-7AE5-4DAF-A5EE-3A22E569677A}"
EndProject
Global
	GlobalSection(SolutionConfigurationPlatforms) = preSolution
		Debug|Any CPU = Debug|Any CPU
		Release|Any CPU = Release|Any CPU
	EndGlobalSection
	GlobalSection(ProjectConfigurationPlatforms) = postSolution
		{04D06221-7AE5-4DAF-A5EE-3A22E569677A}.Debug|Any CPU.ActiveCfg = Debug|Any CPU
		{04D06221-7AE5-4DAF-A5EE-3A22E569677A}.Debug|Any CPU.Build.0 = Debug|Any CPU
		{04D06221-7AE5-4DAF-A5EE-3A22E569677A}.Release|Any CPU.ActiveCfg = Release|Any CPU
		{04D06221-7AE5-4DAF-A5EE-3A22E569677A}.Release|Any CPU.Build.0 = Release|Any CPU
	EndGlobalSection
	GlobalSection(SolutionProperties) = preSolution
		HideSolutionNode = FALSE
	EndGlobalSection
	GlobalSection(ExtensibilityGlobals) = postSolution
		SolutionGuid = {A79C504E-F26F-494B-B0DD-C61E52DC8975}
	EndGlobalSection
EndGlobal
